# This file is generated by running "yarn install" inside your project.
# Manual changes might be lost - proceed with caution!

__metadata:
  version: 4

"@alker0/type-filter-clsx@workspace:.":
  version: 0.0.0-use.local
  resolution: "@alker0/type-filter-clsx@workspace:."
  peerDependencies:
    clsx: 1.x
  languageName: unknown
  linkType: soft
